
Microsoft Visual Studio Solution File, Format Version 12.00
# Visual Studio Version 16
VisualStudioVersion = 16.0.31025.194
MinimumVisualStudioVersion = 10.0.40219.1
Project("{FAE04EC0-301F-11D3-BF4B-00C04F79EFBC}") = "BTree", "BTree.csproj", "{DAEC1C90-F0E5-424B-BD9C-E06B32553B70}"
EndProject
Global
	GlobalSection(SolutionConfigurationPlatforms) = preSolution
		Debug|Any CPU = Debug|Any CPU
		Release|Any CPU = Release|Any CPU
	EndGlobalSection
	GlobalSection(ProjectConfigurationPlatforms) = postSolution
		{DAEC1C90-F0E5-424B-BD9C-E06B32553B70}.Debug|Any CPU.ActiveCfg = Debug|Any CPU
		{DAEC1C90-F0E5-424B-BD9C-E06B32553B70}.Debug|Any CPU.Build.0 = Debug|Any CPU
		{DAEC1C90-F0E5-424B-BD9C-E06B32553B70}.Release|Any CPU.ActiveCfg = Release|Any CPU
		{DAEC1C90-F0E5-424B-BD9C-E06B32553B70}.Release|Any CPU.Build.0 = Release|Any CPU
	EndGlobalSection
	GlobalSection(SolutionProperties) = preSolution
		HideSolutionNode = FALSE
	EndGlobalSection
	GlobalSection(ExtensibilityGlobals) = postSolution
		SolutionGuid = {D728B3C1-27EF-4E24-B168-255407AFA765}
	EndGlobalSection
EndGlobal
